
Microsoft Visual Studio Solution File, Format Version 12.00
# Visual Studio Version 16
VisualStudioVersion = 16.0.30309.148
MinimumVisualStudioVersion = 10.0.40219.1
Project("{FAE04EC0-301F-11D3-BF4B-00C04F79EFBC}") = "LeetCode", "LeetCode.csproj", "{642F624E-87DF-4E36-9E2D-37319E002161}"
EndProject
Project("{FAE04EC0-301F-11D3-BF4B-00C04F79EFBC}") = "LeetCodeTests", "..\LeetCodeTests\LeetCodeTests.csproj", "{8B79933E-1929-4F2E-9A11-CB2512F358A4}"
EndProject
Project("{FAE04EC0-301F-11D3-BF4B-00C04F79EFBC}") = "LeetCodeTests1", "..\LeetCodeTests1\LeetCodeTests1.csproj", "{3FA5EF0F-65AF-425D-8A3E-B1A978F25690}"
EndProject
Global
	GlobalSection(SolutionConfigurationPlatforms) = preSolution
		Debug|Any CPU = Debug|Any CPU
		Release|Any CPU = Release|Any CPU
	EndGlobalSection
	GlobalSection(ProjectConfigurationPlatforms) = postSolution
		{642F624E-87DF-4E36-9E2D-37319E002161}.Debug|Any CPU.ActiveCfg = Debug|Any CPU
		{642F624E-87DF-4E36-9E2D-37319E002161}.Debug|Any CPU.Build.0 = Debug|Any CPU
		{642F624E-87DF-4E36-9E2D-37319E002161}.Release|Any CPU.ActiveCfg = Release|Any CPU
		{642F624E-87DF-4E36-9E2D-37319E002161}.Release|Any CPU.Build.0 = Release|Any CPU
		{8B79933E-1929-4F2E-9A11-CB2512F358A4}.Debug|Any CPU.ActiveCfg = Debug|Any CPU
		{8B79933E-1929-4F2E-9A11-CB2512F358A4}.Debug|Any CPU.Build.0 = Debug|Any CPU
		{8B79933E-1929-4F2E-9A11-CB2512F358A4}.Release|Any CPU.ActiveCfg = Release|Any CPU
		{8B79933E-1929-4F2E-9A11-CB2512F358A4}.Release|Any CPU.Build.0 = Release|Any CPU
		{3FA5EF0F-65AF-425D-8A3E-B1A978F25690}.Debug|Any CPU.ActiveCfg = Debug|Any CPU
		{3FA5EF0F-65AF-425D-8A3E-B1A978F25690}.Debug|Any CPU.Build.0 = Debug|Any CPU
		{3FA5EF0F-65AF-425D-8A3E-B1A978F25690}.Release|Any CPU.ActiveCfg = Release|Any CPU
		{3FA5EF0F-65AF-425D-8A3E-B1A978F25690}.Release|Any CPU.Build.0 = Release|Any CPU
	EndGlobalSection
	GlobalSection(SolutionProperties) = preSolution
		HideSolutionNode = FALSE
	EndGlobalSection
	GlobalSection(ExtensibilityGlobals) = postSolution
		SolutionGuid = {DC816677-D51D-47C8-ABA2-9036C6DF6FB3}
	EndGlobalSection
EndGlobal
